
Microsoft Visual Studio Solution File, Format Version 12.00
# Visual Studio Version 16
VisualStudioVersion = 16.0.30804.86
MinimumVisualStudioVersion = 10.0.40219.1
Project("{8BC9CEB8-8B4A-11D0-8D11-00A0C91BC942}") = "Praktikum1_A1", "Praktikum1_A1\Praktikum1_A1.vcxproj", "{499A4BFD-2C3E-48F8-A552-7B861F8D54D1}"
EndProject
Project("{2150E333-8FDC-42A3-9474-1A3956D46DE8}") = "Praktikum 1", "Praktikum 1", "{37AC139A-1BA7-42C0-A306-5893DFD9AECA}"
EndProject
Project("{8BC9CEB8-8B4A-11D0-8D11-00A0C91BC942}") = "Praktikum1_A2", "Praktikum1_A2\Praktikum1_A2.vcxproj", "{315BF183-E689-414A-90CF-2B0D3B5E1F7F}"
EndProject
Project("{8BC9CEB8-8B4A-11D0-8D11-00A0C91BC942}") = "Praktikum1_A3", "Praktikum1_A3\Praktikum1_A3.vcxproj", "{D0D8ECD7-9203-4382-922C-8D16099F2988}"
EndProject
Project("{8BC9CEB8-8B4A-11D0-8D11-00A0C91BC942}") = "Praktikum1_Testprojekt", "Praktikum1_Testprojekt\Praktikum1_Testprojekt.vcxproj", "{B8D55003-97BA-4AE5-9205-D92323E4860A}"
EndProject
Project("{8BC9CEB8-8B4A-11D0-8D11-00A0C91BC942}") = "Praktikum2_A1", "Praktikum2_A1\Praktikum2_A1.vcxproj", "{DD390E2D-DFBC-43ED-A57D-B1D052B75A4E}"
EndProject
Project("{2150E333-8FDC-42A3-9474-1A3956D46DE8}") = "Praktikum 2", "Praktikum 2", "{5ACF6225-0D12-4A76-A02C-3D4703D4CCE8}"
EndProject
Project("{8BC9CEB8-8B4A-11D0-8D11-00A0C91BC942}") = "Praktikum2_A2", "Praktikum2_A2\Praktikum2_A2.vcxproj", "{292A1CB0-CAE2-4F30-AAB8-A0DEEAA334C4}"
EndProject
Project("{8BC9CEB8-8B4A-11D0-8D11-00A0C91BC942}") = "Praktikum3", "Praktikum3\Praktikum3.vcxproj", "{D4891569-667A-4784-8A81-232C41C4C019}"
EndProject
Project("{2150E333-8FDC-42A3-9474-1A3956D46DE8}") = "Praktikum 3", "Praktikum 3", "{7518AEB6-F73E-4152-BAFD-D24301042845}"
EndProject
Project("{8BC9CEB8-8B4A-11D0-8D11-00A0C91BC942}") = "Praktikum4", "Praktikum4\Praktikum4.vcxproj", "{63A14350-7147-474B-A46F-C746E61FF41B}"
EndProject
Project("{2150E333-8FDC-42A3-9474-1A3956D46DE8}") = "Praktikum 4", "Praktikum 4", "{E47D7759-AA0A-4932-9305-94011E603631}"
EndProject
Project("{8BC9CEB8-8B4A-11D0-8D11-00A0C91BC942}") = "testpraktikum4", "testpraktikum4\testpraktikum4.vcxproj", "{5AECDC32-A565-4A94-8296-66CE8C2A60A1}"
EndProject
Global
	GlobalSection(SolutionConfigurationPlatforms) = preSolution
		Debug|x64 = Debug|x64
		Debug|x86 = Debug|x86
		Release|x64 = Release|x64
		Release|x86 = Release|x86
	EndGlobalSection
	GlobalSection(ProjectConfigurationPlatforms) = postSolution
		{499A4BFD-2C3E-48F8-A552-7B861F8D54D1}.Debug|x64.ActiveCfg = Debug|x64
		{499A4BFD-2C3E-48F8-A552-7B861F8D54D1}.Debug|x64.Build.0 = Debug|x64
		{499A4BFD-2C3E-48F8-A552-7B861F8D54D1}.Debug|x86.ActiveCfg = Debug|Win32
		{499A4BFD-2C3E-48F8-A552-7B861F8D54D1}.Debug|x86.Build.0 = Debug|Win32
		{499A4BFD-2C3E-48F8-A552-7B861F8D54D1}.Release|x64.ActiveCfg = Release|x64
		{499A4BFD-2C3E-48F8-A552-7B861F8D54D1}.Release|x64.Build.0 = Release|x64
		{499A4BFD-2C3E-48F8-A552-7B861F8D54D1}.Release|x86.ActiveCfg = Release|Win32
		{499A4BFD-2C3E-48F8-A552-7B861F8D54D1}.Release|x86.Build.0 = Release|Win32
		{315BF183-E689-414A-90CF-2B0D3B5E1F7F}.Debug|x64.ActiveCfg = Debug|x64
		{315BF183-E689-414A-90CF-2B0D3B5E1F7F}.Debug|x64.Build.0 = Debug|x64
		{315BF183-E689-414A-90CF-2B0D3B5E1F7F}.Debug|x86.ActiveCfg = Debug|Win32
		{315BF183-E689-414A-90CF-2B0D3B5E1F7F}.Debug|x86.Build.0 = Debug|Win32
		{315BF183-E689-414A-90CF-2B0D3B5E1F7F}.Release|x64.ActiveCfg = Release|x64
		{315BF183-E689-414A-90CF-2B0D3B5E1F7F}.Release|x64.Build.0 = Release|x64
		{315BF183-E689-414A-90CF-2B0D3B5E1F7F}.Release|x86.ActiveCfg = Release|Win32
		{315BF183-E689-414A-90CF-2B0D3B5E1F7F}.Release|x86.Build.0 = Release|Win32
		{D0D8ECD7-9203-4382-922C-8D16099F2988}.Debug|x64.ActiveCfg = Debug|x64
		{D0D8ECD7-9203-4382-922C-8D16099F2988}.Debug|x64.Build.0 = Debug|x64
		{D0D8ECD7-9203-4382-922C-8D16099F2988}.Debug|x86.ActiveCfg = Debug|Win32
		{D0D8ECD7-9203-4382-922C-8D16099F2988}.Debug|x86.Build.0 = Debug|Win32
		{D0D8ECD7-9203-4382-922C-8D16099F2988}.Release|x64.ActiveCfg = Release|x64
		{D0D8ECD7-9203-4382-922C-8D16099F2988}.Release|x64.Build.0 = Release|x64
		{D0D8ECD7-9203-4382-922C-8D16099F2988}.Release|x86.ActiveCfg = Release|Win32
		{D0D8ECD7-9203-4382-922C-8D16099F2988}.Release|x86.Build.0 = Release|Win32
		{B8D55003-97BA-4AE5-9205-D92323E4860A}.Debug|x64.ActiveCfg = Debug|x64
		{B8D55003-97BA-4AE5-9205-D92323E4860A}.Debug|x64.Build.0 = Debug|x64
		{B8D55003-97BA-4AE5-9205-D92323E4860A}.Debug|x86.ActiveCfg = Debug|Win32
		{B8D55003-97BA-4AE5-9205-D92323E4860A}.Debug|x86.Build.0 = Debug|Win32
		{B8D55003-97BA-4AE5-9205-D92323E4860A}.Release|x64.ActiveCfg = Release|x64
		{B8D55003-97BA-4AE5-9205-D92323E4860A}.Release|x64.Build.0 = Release|x64
		{B8D55003-97BA-4AE5-9205-D92323E4860A}.Release|x86.ActiveCfg = Release|Win32
		{B8D55003-97BA-4AE5-9205-D92323E4860A}.Release|x86.Build.0 = Release|Win32
		{DD390E2D-DFBC-43ED-A57D-B1D052B75A4E}.Debug|x64.ActiveCfg = Debug|x64
		{DD390E2D-DFBC-43ED-A57D-B1D052B75A4E}.Debug|x64.Build.0 = Debug|x64
		{DD390E2D-DFBC-43ED-A57D-B1D052B75A4E}.Debug|x86.ActiveCfg = Debug|Win32
		{DD390E2D-DFBC-43ED-A57D-B1D052B75A4E}.Debug|x86.Build.0 = Debug|Win32
		{DD390E2D-DFBC-43ED-A57D-B1D052B75A4E}.Release|x64.ActiveCfg = Release|x64
		{DD390E2D-DFBC-43ED-A57D-B1D052B75A4E}.Release|x64.Build.0 = Release|x64
		{DD390E2D-DFBC-43ED-A57D-B1D052B75A4E}.Release|x86.ActiveCfg = Release|Win32
		{DD390E2D-DFBC-43ED-A57D-B1D052B75A4E}.Release|x86.Build.0 = Release|Win32
		{292A1CB0-CAE2-4F30-AAB8-A0DEEAA334C4}.Debug|x64.ActiveCfg = Debug|x64
		{292A1CB0-CAE2-4F30-AAB8-A0DEEAA334C4}.Debug|x64.Build.0 = Debug|x64
		{292A1CB0-CAE2-4F30-AAB8-A0DEEAA334C4}.Debug|x86.ActiveCfg = Debug|Win32
		{292A1CB0-CAE2-4F30-AAB8-A0DEEAA334C4}.Debug|x86.Build.0 = Debug|Win32
		{292A1CB0-CAE2-4F30-AAB8-A0DEEAA334C4}.Release|x64.ActiveCfg = Release|x64
		{292A1CB0-CAE2-4F30-AAB8-A0DEEAA334C4}.Release|x64.Build.0 = Release|x64
		{292A1CB0-CAE2-4F30-AAB8-A0DEEAA334C4}.Release|x86.ActiveCfg = Release|Win32
		{292A1CB0-CAE2-4F30-AAB8-A0DEEAA334C4}.Release|x86.Build.0 = Release|Win32
		{D4891569-667A-4784-8A81-232C41C4C019}.Debug|x64.ActiveCfg = Debug|x64
		{D4891569-667A-4784-8A81-232C41C4C019}.Debug|x64.Build.0 = Debug|x64
		{D4891569-667A-4784-8A81-232C41C4C019}.Debug|x86.ActiveCfg = Debug|Win32
		{D4891569-667A-4784-8A81-232C41C4C019}.Debug|x86.Build.0 = Debug|Win32
		{D4891569-667A-4784-8A81-232C41C4C019}.Release|x64.ActiveCfg = Release|x64
		{D4891569-667A-4784-8A81-232C41C4C019}.Release|x64.Build.0 = Release|x64
		{D4891569-667A-4784-8A81-232C41C4C019}.Release|x86.ActiveCfg = Release|Win32
		{D4891569-667A-4784-8A81-232C41C4C019}.Release|x86.Build.0 = Release|Win32
		{63A14350-7147-474B-A46F-C746E61FF41B}.Debug|x64.ActiveCfg = Debug|x64
		{63A14350-7147-474B-A46F-C746E61FF41B}.Debug|x64.Build.0 = Debug|x64
		{63A14350-7147-474B-A46F-C746E61FF41B}.Debug|x86.ActiveCfg = Debug|Win32
		{63A14350-7147-474B-A46F-C746E61FF41B}.Debug|x86.Build.0 = Debug|Win32
		{63A14350-7147-474B-A46F-C746E61FF41B}.Release|x64.ActiveCfg = Release|x64
		{63A14350-7147-474B-A46F-C746E61FF41B}.Release|x64.Build.0 = Release|x64
		{63A14350-7147-474B-A46F-C746E61FF41B}.Release|x86.ActiveCfg = Release|Win32
		{63A14350-7147-474B-A46F-C746E61FF41B}.Release|x86.Build.0 = Release|Win32
		{5AECDC32-A565-4A94-8296-66CE8C2A60A1}.Debug|x64.ActiveCfg = Debug|x64
		{5AECDC32-A565-4A94-8296-66CE8C2A60A1}.Debug|x64.Build.0 = Debug|x64
		{5AECDC32-A565-4A94-8296-66CE8C2A60A1}.Debug|x86.ActiveCfg = Debug|Win32
		{5AECDC32-A565-4A94-8296-66CE8C2A60A1}.Debug|x86.Build.0 = Debug|Win32
		{5AECDC32-A565-4A94-8296-66CE8C2A60A1}.Release|x64.ActiveCfg = Release|x64
		{5AECDC32-A565-4A94-8296-66CE8C2A60A1}.Release|x64.Build.0 = Release|x64
		{5AECDC32-A565-4A94-8296-66CE8C2A60A1}.Release|x86.ActiveCfg = Release|Win32
		{5AECDC32-A565-4A94-8296-66CE8C2A60A1}.Release|x86.Build.0 = Release|Win32
	EndGlobalSection
	GlobalSection(SolutionProperties) = preSolution
		HideSolutionNode = FALSE
	EndGlobalSection
	GlobalSection(NestedProjects) = preSolution
		{499A4BFD-2C3E-48F8-A552-7B861F8D54D1} = {37AC139A-1BA7-42C0-A306-5893DFD9AECA}
		{315BF183-E689-414A-90CF-2B0D3B5E1F7F} = {37AC139A-1BA7-42C0-A306-5893DFD9AECA}
		{D0D8ECD7-9203-4382-922C-8D16099F2988} = {37AC139A-1BA7-42C0-A306-5893DFD9AECA}
		{B8D55003-97BA-4AE5-9205-D92323E4860A} = {37AC139A-1BA7-42C0-A306-5893DFD9AECA}
		{DD390E2D-DFBC-43ED-A57D-B1D052B75A4E} = {5ACF6225-0D12-4A76-A02C-3D4703D4CCE8}
		{292A1CB0-CAE2-4F30-AAB8-A0DEEAA334C4} = {5ACF6225-0D12-4A76-A02C-3D4703D4CCE8}
		{D4891569-667A-4784-8A81-232C41C4C019} = {7518AEB6-F73E-4152-BAFD-D24301042845}
		{63A14350-7147-474B-A46F-C746E61FF41B} = {E47D7759-AA0A-4932-9305-94011E603631}
		{5AECDC32-A565-4A94-8296-66CE8C2A60A1} = {E47D7759-AA0A-4932-9305-94011E603631}
	EndGlobalSection
	GlobalSection(ExtensibilityGlobals) = postSolution
		SolutionGuid = {79FE1608-50D6-40E7-B775-35B368A40917}
	EndGlobalSection
EndGlobal
